
Microsoft Visual Studio Solution File, Format Version 12.00
# Visual Studio Version 16
VisualStudioVersion = 16.0.31321.278
MinimumVisualStudioVersion = 10.0.40219.1
Project("{FAE04EC0-301F-11D3-BF4B-00C04F79EFBC}") = "VehicleInventory", "VehicleInventory.csproj", "{1668C287-F331-4227-B481-E804F9D2FD5A}"
EndProject
Global
	GlobalSection(SolutionConfigurationPlatforms) = preSolution
		Debug|Any CPU = Debug|Any CPU
		Release|Any CPU = Release|Any CPU
	EndGlobalSection
	GlobalSection(ProjectConfigurationPlatforms) = postSolution
		{1668C287-F331-4227-B481-E804F9D2FD5A}.Debug|Any CPU.ActiveCfg = Debug|Any CPU
		{1668C287-F331-4227-B481-E804F9D2FD5A}.Debug|Any CPU.Build.0 = Debug|Any CPU
		{1668C287-F331-4227-B481-E804F9D2FD5A}.Release|Any CPU.ActiveCfg = Release|Any CPU
		{1668C287-F331-4227-B481-E804F9D2FD5A}.Release|Any CPU.Build.0 = Release|Any CPU
	EndGlobalSection
	GlobalSection(SolutionProperties) = preSolution
		HideSolutionNode = FALSE
	EndGlobalSection
	GlobalSection(ExtensibilityGlobals) = postSolution
		SolutionGuid = {74E770F7-B03E-45F7-BBA1-FABDA473E1A1}
	EndGlobalSection
EndGlobal
